{
  "version": 4,
  "terraform_version": "1.15.8",
  "serial": 2,
  "lineage": "b5a4f2f6-b4a3-8beb-68cb-d2decc52364e",
  "outputs": {
    "employee_badge": {
      "value": "Employee: Naresh | Badge ID: HyfdK",
      "type": "string"
    }
  },
  "resources": [
    {
      "mode": "managed",
      "type": "random_string",
      "name": "badge_id",
      "provider": "provider[\"registry.terraform.io/hashicorp/random\"]",
      "instances": [
        {
          "schema_version": 2,
          "attributes": {
            "id": "HyfdK",
            "keepers": null,
            "length": 5,
            "lower": true,
            "min_lower": 0,
            "min_numeric": 0,
            "min_special": 0,
            "min_upper": 0,
            "number": true,
            "numeric": true,
            "override_special": null,
            "result": "HyfdK",
            "special": false,
            "upper": true
          },
          "sensitive_attributes": [],
          "identity_schema_version": 0
        }
      ]
    }
  ],
  "check_results": null
}
