{
  "version": 4,
  "terraform_version": "1.15.8",
  "serial": 2,
  "lineage": "ca724c3f-e955-3c67-3329-d3b0366e034d",
  "outputs": {
    "asset_information": {
      "value": "Asset ID: IT-hyd-scaa",
      "type": "string"
    },
    "asset_registration": {
      "value": "asset registered successfully",
      "type": "string"
    }
  },
  "resources": [
    {
      "mode": "managed",
      "type": "random_string",
      "name": "asset_suffix",
      "provider": "provider[\"registry.terraform.io/hashicorp/random\"]",
      "instances": [
        {
          "schema_version": 2,
          "attributes": {
            "id": "scaa",
            "keepers": null,
            "length": 4,
            "lower": true,
            "min_lower": 0,
            "min_numeric": 0,
            "min_special": 0,
            "min_upper": 0,
            "number": true,
            "numeric": true,
            "override_special": null,
            "result": "scaa",
            "special": false,
            "upper": false
          },
          "sensitive_attributes": [],
          "identity_schema_version": 0
        }
      ]
    }
  ],
  "check_results": null
}
